// !$*UTF8*$!
{
	archiveVersion = 1;
	classes = {
	};
	objectVersion = 46;
	objects = {

/* Begin PBXBuildFile section */
		519316E31F29FFDF0010AE52 /* AppDelegate.swift in Sources */ = {isa = PBXBuildFile; fileRef = 519316E21F29FFDF0010AE52 /* AppDelegate.swift */; };
		519316E81F29FFE00010AE52 /* Main.storyboard in Resources */ = {isa = PBXBuildFile; fileRef = 519316E61F29FFE00010AE52 /* Main.storyboard */; };
		519316EA1F29FFE00010AE52 /* Assets.xcassets in Resources */ = {isa = PBXBuildFile; fileRef = 519316E91F29FFE00010AE52 /* Assets.xcassets */; };
		519316ED1F29FFE00010AE52 /* LaunchScreen.storyboard in Resources */ = {isa = PBXBuildFile; fileRef = 519316EB1F29FFE00010AE52 /* LaunchScreen.storyboard */; };
		519316F81F29FFE20010AE52 /* ValidatorTestTests.swift in Sources */ = {isa = PBXBuildFile; fileRef = 519316F71F29FFE20010AE52 /* ValidatorTestTests.swift */; };
		519317031F29FFE20010AE52 /* ValidatorTestUITests.swift in Sources */ = {isa = PBXBuildFile; fileRef = 519317021F29FFE20010AE52 /* ValidatorTestUITests.swift */; };
		519317121F2A014B0010AE52 /* SwiftValidator.framework in Frameworks */ = {isa = PBXBuildFile; fileRef = 519317111F2A014B0010AE52 /* SwiftValidator.framework */; };
		519317151F2A02040010AE52 /* FormTvc.swift in Sources */ = {isa = PBXBuildFile; fileRef = 519317141F2A02040010AE52 /* FormTvc.swift */; };
/* End PBXBuildFile section */

/* Begin PBXContainerItemProxy section */
		519316F41F29FFE10010AE52 /* PBXContainerItemProxy */ = {
			isa = PBXContainerItemProxy;
			containerPortal = 519316D71F29FFDE0010AE52 /* Project object */;
			proxyType = 1;
			remoteGlobalIDString = 519316DE1F29FFDE0010AE52;
			remoteInfo = ValidatorTest;
		};
		519316FF1F29FFE20010AE52 /* PBXContainerItemProxy */ = {
			isa = PBXContainerItemProxy;
			containerPortal = 519316D71F29FFDE0010AE52 /* Project object */;
			proxyType = 1;
			remoteGlobalIDString = 519316DE1F29FFDE0010AE52;
			remoteInfo = ValidatorTest;
		};
/* End PBXContainerItemProxy section */

/* Begin PBXFileReference section */
		519316DF1F29FFDE0010AE52 /* ValidatorTest.app */ = {isa = PBXFileReference; explicitFileType = wrapper.application; includeInIndex = 0; path = ValidatorTest.app; sourceTree = BUILT_PRODUCTS_DIR; };
		519316E21F29FFDF0010AE52 /* AppDelegate.swift */ = {isa = PBXFileReference; lastKnownFileType = sourcecode.swift; path = AppDelegate.swift; sourceTree = "<group>"; };
		519316E71F29FFE00010AE52 /* Base */ = {isa = PBXFileReference; lastKnownFileType = file.storyboard; name = Base; path = Base.lproj/Main.storyboard; sourceTree = "<group>"; };
		519316E91F29FFE00010AE52 /* Assets.xcassets */ = {isa = PBXFileReference; lastKnownFileType = folder.assetcatalog; path = Assets.xcassets; sourceTree = "<group>"; };
		519316EC1F29FFE00010AE52 /* Base */ = {isa = PBXFileReference; lastKnownFileType = file.storyboard; name = Base; path = Base.lproj/LaunchScreen.storyboard; sourceTree = "<group>"; };
		519316EE1F29FFE00010AE52 /* Info.plist */ = {isa = PBXFileReference; lastKnownFileType = text.plist.xml; path = Info.plist; sourceTree = "<group>"; };
		519316F31F29FFE10010AE52 /* ValidatorTestTests.xctest */ = {isa = PBXFileReference; explicitFileType = wrapper.cfbundle; includeInIndex = 0; path = ValidatorTestTests.xctest; sourceTree = BUILT_PRODUCTS_DIR; };
		519316F71F29FFE20010AE52 /* ValidatorTestTests.swift */ = {isa = PBXFileReference; lastKnownFileType = sourcecode.swift; path = ValidatorTestTests.swift; sourceTree = "<group>"; };
		519316F91F29FFE20010AE52 /* Info.plist */ = {isa = PBXFileReference; lastKnownFileType = text.plist.xml; path = Info.plist; sourceTree = "<group>"; };
		519316FE1F29FFE20010AE52 /* ValidatorTestUITests.xctest */ = {isa = PBXFileReference; explicitFileType = wrapper.cfbundle; includeInIndex = 0; path = ValidatorTestUITests.xctest; sourceTree = BUILT_PRODUCTS_DIR; };
		519317021F29FFE20010AE52 /* ValidatorTestUITests.swift */ = {isa = PBXFileReference; lastKnownFileType = sourcecode.swift; path = ValidatorTestUITests.swift; sourceTree = "<group>"; };
		519317041F29FFE20010AE52 /* Info.plist */ = {isa = PBXFileReference; lastKnownFileType = text.plist.xml; path = Info.plist; sourceTree = "<group>"; };
		519317111F2A014B0010AE52 /* SwiftValidator.framework */ = {isa = PBXFileReference; lastKnownFileType = wrapper.framework; name = SwiftValidator.framework; path = Carthage/Build/iOS/SwiftValidator.framework; sourceTree = "<group>"; };
		519317141F2A02040010AE52 /* FormTvc.swift */ = {isa = PBXFileReference; fileEncoding = 4; lastKnownFileType = sourcecode.swift; path = FormTvc.swift; sourceTree = "<group>"; };
/* End PBXFileReference section */

/* Begin PBXFrameworksBuildPhase section */
		519316DC1F29FFDE0010AE52 /* Frameworks */ = {
			isa = PBXFrameworksBuildPhase;
			buildActionMask = 2147483647;
			files = (
				519317121F2A014B0010AE52 /* SwiftValidator.framework in Frameworks */,
			);
			runOnlyForDeploymentPostprocessing = 0;
		};
		519316F01F29FFE10010AE52 /* Frameworks */ = {
			isa = PBXFrameworksBuildPhase;
			buildActionMask = 2147483647;
			files = (
			);
			runOnlyForDeploymentPostprocessing = 0;
		};
		519316FB1F29FFE20010AE52 /* Frameworks */ = {
			isa = PBXFrameworksBuildPhase;
			buildActionMask = 2147483647;
			files = (
			);
			runOnlyForDeploymentPostprocessing = 0;
		};
/* End PBXFrameworksBuildPhase section */

/* Begin PBXGroup section */
		519316D61F29FFDE0010AE52 = {
			isa = PBXGroup;
			children = (
				519316E11F29FFDF0010AE52 /* ValidatorTest */,
				519316F61F29FFE20010AE52 /* ValidatorTestTests */,
				519317011F29FFE20010AE52 /* ValidatorTestUITests */,
				519316E01F29FFDE0010AE52 /* Products */,
				519317101F2A014B0010AE52 /* Frameworks */,
			);
			sourceTree = "<group>";
		};
		519316E01F29FFDE0010AE52 /* Products */ = {
			isa = PBXGroup;
			children = (
				519316DF1F29FFDE0010AE52 /* ValidatorTest.app */,
				519316F31F29FFE10010AE52 /* ValidatorTestTests.xctest */,
				519316FE1F29FFE20010AE52 /* ValidatorTestUITests.xctest */,
			);
			name = Products;
			sourceTree = "<group>";
		};
		519316E11F29FFDF0010AE52 /* ValidatorTest */ = {
			isa = PBXGroup;
			children = (
				519316E21F29FFDF0010AE52 /* AppDelegate.swift */,
				519317141F2A02040010AE52 /* FormTvc.swift */,
				519316E61F29FFE00010AE52 /* Main.storyboard */,
				519316E91F29FFE00010AE52 /* Assets.xcassets */,
				519316EB1F29FFE00010AE52 /* LaunchScreen.storyboard */,
				519316EE1F29FFE00010AE52 /* Info.plist */,
			);
			path = ValidatorTest;
			sourceTree = "<group>";
		};
		519316F61F29FFE20010AE52 /* ValidatorTestTests */ = {
			isa = PBXGroup;
			children = (
				519316F71F29FFE20010AE52 /* ValidatorTestTests.swift */,
				519316F91F29FFE20010AE52 /* Info.plist */,
			);
			path = ValidatorTestTests;
			sourceTree = "<group>";
		};
		519317011F29FFE20010AE52 /* ValidatorTestUITests */ = {
			isa = PBXGroup;
			children = (
				519317021F29FFE20010AE52 /* ValidatorTestUITests.swift */,
				519317041F29FFE20010AE52 /* Info.plist */,
			);
			path = ValidatorTestUITests;
			sourceTree = "<group>";
		};
		519317101F2A014B0010AE52 /* Frameworks */ = {
			isa = PBXGroup;
			children = (
				519317111F2A014B0010AE52 /* SwiftValidator.framework */,
			);
			name = Frameworks;
			sourceTree = "<group>";
		};
/* End PBXGroup section */

/* Begin PBXNativeTarget section */
		519316DE1F29FFDE0010AE52 /* ValidatorTest */ = {
			isa = PBXNativeTarget;
			buildConfigurationList = 519317071F29FFE20010AE52 /* Build configuration list for PBXNativeTarget "ValidatorTest" */;
			buildPhases = (
				519316DB1F29FFDE0010AE52 /* Sources */,
				519316DC1F29FFDE0010AE52 /* Frameworks */,
				519316DD1F29FFDE0010AE52 /* Resources */,
				519317131F2A01520010AE52 /* ShellScript */,
			);
			buildRules = (
			);
			dependencies = (
			);
			name = ValidatorTest;
			productName = ValidatorTest;
			productReference = 519316DF1F29FFDE0010AE52 /* ValidatorTest.app */;
			productType = "com.apple.product-type.application";
		};
		519316F21F29FFE10010AE52 /* ValidatorTestTests */ = {
			isa = PBXNativeTarget;
			buildConfigurationList = 5193170A1F29FFE20010AE52 /* Build configuration list for PBXNativeTarget "ValidatorTestTests" */;
			buildPhases = (
				519316EF1F29FFE10010AE52 /* Sources */,
				519316F01F29FFE10010AE52 /* Frameworks */,
				519316F11F29FFE10010AE52 /* Resources */,
			);
			buildRules = (
			);
			dependencies = (
				519316F51F29FFE10010AE52 /* PBXTargetDependency */,
			);
			name = ValidatorTestTests;
			productName = ValidatorTestTests;
			productReference = 519316F31F29FFE10010AE52 /* ValidatorTestTests.xctest */;
			productType = "com.apple.product-type.bundle.unit-test";
		};
		519316FD1F29FFE20010AE52 /* ValidatorTestUITests */ = {
			isa = PBXNativeTarget;
			buildConfigurationList = 5193170D1F29FFE20010AE52 /* Build configuration list for PBXNativeTarget "ValidatorTestUITests" */;
			buildPhases = (
				519316FA1F29FFE20010AE52 /* Sources */,
				519316FB1F29FFE20010AE52 /* Frameworks */,
				519316FC1F29FFE20010AE52 /* Resources */,
			);
			buildRules = (
			);
			dependencies = (
				519317001F29FFE20010AE52 /* PBXTargetDependency */,
			);
			name = ValidatorTestUITests;
			productName = ValidatorTestUITests;
			productReference = 519316FE1F29FFE20010AE52 /* ValidatorTestUITests.xctest */;
			productType = "com.apple.product-type.bundle.ui-testing";
		};
/* End PBXNativeTarget section */

/* Begin PBXProject section */
		519316D71F29FFDE0010AE52 /* Project object */ = {
			isa = PBXProject;
			attributes = {
				LastSwiftUpdateCheck = 0830;
				LastUpgradeCheck = 0830;
				ORGANIZATIONNAME = Selise;
				TargetAttributes = {
					519316DE1F29FFDE0010AE52 = {
						CreatedOnToolsVersion = 8.3.3;
						DevelopmentTeam = J52R8YYJBF;
						ProvisioningStyle = Automatic;
					};
					519316F21F29FFE10010AE52 = {
						CreatedOnToolsVersion = 8.3.3;
						DevelopmentTeam = J52R8YYJBF;
						ProvisioningStyle = Automatic;
						TestTargetID = 519316DE1F29FFDE0010AE52;
					};
					519316FD1F29FFE20010AE52 = {
						CreatedOnToolsVersion = 8.3.3;
						DevelopmentTeam = J52R8YYJBF;
						ProvisioningStyle = Automatic;
						TestTargetID = 519316DE1F29FFDE0010AE52;
					};
				};
			};
			buildConfigurationList = 519316DA1F29FFDE0010AE52 /* Build configuration list for PBXProject "ValidatorTest" */;
			compatibilityVersion = "Xcode 3.2";
			developmentRegion = English;
			hasScannedForEncodings = 0;
			knownRegions = (
				en,
				Base,
			);
			mainGroup = 519316D61F29FFDE0010AE52;
			productRefGroup = 519316E01F29FFDE0010AE52 /* Products */;
			projectDirPath = "";
			projectRoot = "";
			targets = (
				519316DE1F29FFDE0010AE52 /* ValidatorTest */,
				519316F21F29FFE10010AE52 /* ValidatorTestTests */,
				519316FD1F29FFE20010AE52 /* ValidatorTestUITests */,
			);
		};
/* End PBXProject section */

/* Begin PBXResourcesBuildPhase section */
		519316DD1F29FFDE0010AE52 /* Resources */ = {
			isa = PBXResourcesBuildPhase;
			buildActionMask = 2147483647;
			files = (
				519316ED1F29FFE00010AE52 /* LaunchScreen.storyboard in Resources */,
				519316EA1F29FFE00010AE52 /* Assets.xcassets in Resources */,
				519316E81F29FFE00010AE52 /* Main.storyboard in Resources */,
			);
			runOnlyForDeploymentPostprocessing = 0;
		};
		519316F11F29FFE10010AE52 /* Resources */ = {
			isa = PBXResourcesBuildPhase;
			buildActionMask = 2147483647;
			files = (
			);
			runOnlyForDeploymentPostprocessing = 0;
		};
		519316FC1F29FFE20010AE52 /* Resources */ = {
			isa = PBXResourcesBuildPhase;
			buildActionMask = 2147483647;
			files = (
			);
			runOnlyForDeploymentPostprocessing = 0;
		};
/* End PBXResourcesBuildPhase section */

/* Begin PBXShellScriptBuildPhase section */
		519317131F2A01520010AE52 /* ShellScript */ = {
			isa = PBXShellScriptBuildPhase;
			buildActionMask = 2147483647;
			files = (
			);
			inputPaths = (
				"$(SRCROOT)/Carthage/Build/iOS/SwiftValidator.framework",
			);
			outputPaths = (
			);
			runOnlyForDeploymentPostprocessing = 0;
			shellPath = /bin/sh;
			shellScript = "/usr/local/bin/carthage copy-frameworks";
		};
/* End PBXShellScriptBuildPhase section */

/* Begin PBXSourcesBuildPhase section */
		519316DB1F29FFDE0010AE52 /* Sources */ = {
			isa = PBXSourcesBuildPhase;
			buildActionMask = 2147483647;
			files = (
				519316E31F29FFDF0010AE52 /* AppDelegate.swift in Sources */,
				519317151F2A02040010AE52 /* FormTvc.swift in Sources */,
			);
			runOnlyForDeploymentPostprocessing = 0;
		};
		519316EF1F29FFE10010AE52 /* Sources */ = {
			isa = PBXSourcesBuildPhase;
			buildActionMask = 2147483647;
			files = (
				519316F81F29FFE20010AE52 /* ValidatorTestTests.swift in Sources */,
			);
			runOnlyForDeploymentPostprocessing = 0;
		};
		519316FA1F29FFE20010AE52 /* Sources */ = {
			isa = PBXSourcesBuildPhase;
			buildActionMask = 2147483647;
			files = (
				519317031F29FFE20010AE52 /* ValidatorTestUITests.swift in Sources */,
			);
			runOnlyForDeploymentPostprocessing = 0;
		};
/* End PBXSourcesBuildPhase section */

/* Begin PBXTargetDependency section */
		519316F51F29FFE10010AE52 /* PBXTargetDependency */ = {
			isa = PBXTargetDependency;
			target = 519316DE1F29FFDE0010AE52 /* ValidatorTest */;
			targetProxy = 519316F41F29FFE10010AE52 /* PBXContainerItemProxy */;
		};
		519317001F29FFE20010AE52 /* PBXTargetDependency */ = {
			isa = PBXTargetDependency;
			target = 519316DE1F29FFDE0010AE52 /* ValidatorTest */;
			targetProxy = 519316FF1F29FFE20010AE52 /* PBXContainerItemProxy */;
		};
/* End PBXTargetDependency section */

/* Begin PBXVariantGroup section */
		519316E61F29FFE00010AE52 /* Main.storyboard */ = {
			isa = PBXVariantGroup;
			children = (
				519316E71F29FFE00010AE52 /* Base */,
			);
			name = Main.storyboard;
			sourceTree = "<group>";
		};
		519316EB1F29FFE00010AE52 /* LaunchScreen.storyboard */ = {
			isa = PBXVariantGroup;
			children = (
				519316EC1F29FFE00010AE52 /* Base */,
			);
			name = LaunchScreen.storyboard;
			sourceTree = "<group>";
		};
/* End PBXVariantGroup section */

/* Begin XCBuildConfiguration section */
		519317051F29FFE20010AE52 /* Debug */ = {
			isa = XCBuildConfiguration;
			buildSettings = {
				ALWAYS_SEARCH_USER_PATHS = NO;
				CLANG_ANALYZER_NONNULL = YES;
				CLANG_ANALYZER_NUMBER_OBJECT_CONVERSION = YES_AGGRESSIVE;
				CLANG_CXX_LANGUAGE_STANDARD = "gnu++0x";
				CLANG_CXX_LIBRARY = "libc++";
				CLANG_ENABLE_MODULES = YES;
				CLANG_ENABLE_OBJC_ARC = YES;
				CLANG_WARN_BOOL_CONVERSION = YES;
				CLANG_WARN_CONSTANT_CONVERSION = YES;
				CLANG_WARN_DIRECT_OBJC_ISA_USAGE = YES_ERROR;
				CLANG_WARN_DOCUMENTATION_COMMENTS = YES;
				CLANG_WARN_EMPTY_BODY = YES;
				CLANG_WARN_ENUM_CONVERSION = YES;
				CLANG_WARN_INFINITE_RECURSION = YES;
				CLANG_WARN_INT_CONVERSION = YES;
				CLANG_WARN_OBJC_ROOT_CLASS = YES_ERROR;
				CLANG_WARN_SUSPICIOUS_MOVE = YES;
				CLANG_WARN_UNREACHABLE_CODE = YES;
				CLANG_WARN__DUPLICATE_METHOD_MATCH = YES;
				"CODE_SIGN_IDENTITY[sdk=iphoneos*]" = "iPhone Developer";
				COPY_PHASE_STRIP = NO;
				DEBUG_INFORMATION_FORMAT = dwarf;
				ENABLE_STRICT_OBJC_MSGSEND = YES;
				ENABLE_TESTABILITY = YES;
				GCC_C_LANGUAGE_STANDARD = gnu99;
				GCC_DYNAMIC_NO_PIC = NO;
				GCC_NO_COMMON_BLOCKS = YES;
				GCC_OPTIMIZATION_LEVEL = 0;
				GCC_PREPROCESSOR_DEFINITIONS = (
					"DEBUG=1",
					"$(inherited)",
				);
				GCC_WARN_64_TO_32_BIT_CONVERSION = YES;
				GCC_WARN_ABOUT_RETURN_TYPE = YES_ERROR;
				GCC_WARN_UNDECLARED_SELECTOR = YES;
				GCC_WARN_UNINITIALIZED_AUTOS = YES_AGGRESSIVE;
				GCC_WARN_UNUSED_FUNCTION = YES;
				GCC_WARN_UNUSED_VARIABLE = YES;
				IPHONEOS_DEPLOYMENT_TARGET = 10.3;
				MTL_ENABLE_DEBUG_INFO = YES;
				ONLY_ACTIVE_ARCH = YES;
				SDKROOT = iphoneos;
				SWIFT_ACTIVE_COMPILATION_CONDITIONS = DEBUG;
				SWIFT_OPTIMIZATION_LEVEL = "-Onone";
			};
			name = Debug;
		};
		519317061F29FFE20010AE52 /* Release */ = {
			isa = XCBuildConfiguration;
			buildSettings = {
				ALWAYS_SEARCH_USER_PATHS = NO;
				CLANG_ANALYZER_NONNULL = YES;
				CLANG_ANALYZER_NUMBER_OBJECT_CONVERSION = YES_AGGRESSIVE;
				CLANG_CXX_LANGUAGE_STANDARD = "gnu++0x";
				CLANG_CXX_LIBRARY = "libc++";
				CLANG_ENABLE_MODULES = YES;
				CLANG_ENABLE_OBJC_ARC = YES;
				CLANG_WARN_BOOL_CONVERSION = YES;
				CLANG_WARN_CONSTANT_CONVERSION = YES;
				CLANG_WARN_DIRECT_OBJC_ISA_USAGE = YES_ERROR;
				CLANG_WARN_DOCUMENTATION_COMMENTS = YES;
				CLANG_WARN_EMPTY_BODY = YES;
				CLANG_WARN_ENUM_CONVERSION = YES;
				CLANG_WARN_INFINITE_RECURSION = YES;
				CLANG_WARN_INT_CONVERSION = YES;
				CLANG_WARN_OBJC_ROOT_CLASS = YES_ERROR;
				CLANG_WARN_SUSPICIOUS_MOVE = YES;
				CLANG_WARN_UNREACHABLE_CODE = YES;
				CLANG_WARN__DUPLICATE_METHOD_MATCH = YES;
				"CODE_SIGN_IDENTITY[sdk=iphoneos*]" = "iPhone Developer";
				COPY_PHASE_STRIP = NO;
				DEBUG_INFORMATION_FORMAT = "dwarf-with-dsym";
				ENABLE_NS_ASSERTIONS = NO;
				ENABLE_STRICT_OBJC_MSGSEND = YES;
				GCC_C_LANGUAGE_STANDARD = gnu99;
				GCC_NO_COMMON_BLOCKS = YES;
				GCC_WARN_64_TO_32_BIT_CONVERSION = YES;
				GCC_WARN_ABOUT_RETURN_TYPE = YES_ERROR;
				GCC_WARN_UNDECLARED_SELECTOR = YES;
				GCC_WARN_UNINITIALIZED_AUTOS = YES_AGGRESSIVE;
				GCC_WARN_UNUSED_FUNCTION = YES;
				GCC_WARN_UNUSED_VARIABLE = YES;
				IPHONEOS_DEPLOYMENT_TARGET = 10.3;
				MTL_ENABLE_DEBUG_INFO = NO;
				SDKROOT = iphoneos;
				SWIFT_OPTIMIZATION_LEVEL = "-Owholemodule";
				VALIDATE_PRODUCT = YES;
			};
			name = Release;
		};
		519317081F29FFE20010AE52 /* Debug */ = {
			isa = XCBuildConfiguration;
			buildSettings = {
				ASSETCATALOG_COMPILER_APPICON_NAME = AppIcon;
				DEVELOPMENT_TEAM = J52R8YYJBF;
				FRAMEWORK_SEARCH_PATHS = (
					"$(inherited)",
					"$(PROJECT_DIR)/Carthage/Build/iOS",
				);
				INFOPLIST_FILE = ValidatorTest/Info.plist;
				LD_RUNPATH_SEARCH_PATHS = "$(inherited) @executable_path/Frameworks";
				PRODUCT_BUNDLE_IDENTIFIER = ch.Selise.ValidatorTest;
				PRODUCT_NAME = "$(TARGET_NAME)";
				SWIFT_VERSION = 3.0;
			};
			name = Debug;
		};
		519317091F29FFE20010AE52 /* Release */ = {
			isa = XCBuildConfiguration;
			buildSettings = {
				ASSETCATALOG_COMPILER_APPICON_NAME = AppIcon;
				DEVELOPMENT_TEAM = J52R8YYJBF;
				FRAMEWORK_SEARCH_PATHS = (
					"$(inherited)",
					"$(PROJECT_DIR)/Carthage/Build/iOS",
				);
				INFOPLIST_FILE = ValidatorTest/Info.plist;
				LD_RUNPATH_SEARCH_PATHS = "$(inherited) @executable_path/Frameworks";
				PRODUCT_BUNDLE_IDENTIFIER = ch.Selise.ValidatorTest;
				PRODUCT_NAME = "$(TARGET_NAME)";
				SWIFT_VERSION = 3.0;
			};
			name = Release;
		};
		5193170B1F29FFE20010AE52 /* Debug */ = {
			isa = XCBuildConfiguration;
			buildSettings = {
				ALWAYS_EMBED_SWIFT_STANDARD_LIBRARIES = YES;
				BUNDLE_LOADER = "$(TEST_HOST)";
				DEVELOPMENT_TEAM = J52R8YYJBF;
				INFOPLIST_FILE = ValidatorTestTests/Info.plist;
				LD_RUNPATH_SEARCH_PATHS = "$(inherited) @executable_path/Frameworks @loader_path/Frameworks";
				PRODUCT_BUNDLE_IDENTIFIER = ch.Selise.ValidatorTestTests;
				PRODUCT_NAME = "$(TARGET_NAME)";
				SWIFT_VERSION = 3.0;
				TEST_HOST = "$(BUILT_PRODUCTS_DIR)/ValidatorTest.app/ValidatorTest";
			};
			name = Debug;
		};
		5193170C1F29FFE20010AE52 /* Release */ = {
			isa = XCBuildConfiguration;
			buildSettings = {
				ALWAYS_EMBED_SWIFT_STANDARD_LIBRARIES = YES;
				BUNDLE_LOADER = "$(TEST_HOST)";
				DEVELOPMENT_TEAM = J52R8YYJBF;
				INFOPLIST_FILE = ValidatorTestTests/Info.plist;
				LD_RUNPATH_SEARCH_PATHS = "$(inherited) @executable_path/Frameworks @loader_path/Frameworks";
				PRODUCT_BUNDLE_IDENTIFIER = ch.Selise.ValidatorTestTests;
				PRODUCT_NAME = "$(TARGET_NAME)";
				SWIFT_VERSION = 3.0;
				TEST_HOST = "$(BUILT_PRODUCTS_DIR)/ValidatorTest.app/ValidatorTest";
			};
			name = Release;
		};
		5193170E1F29FFE20010AE52 /* Debug */ = {
			isa = XCBuildConfiguration;
			buildSettings = {
				ALWAYS_EMBED_SWIFT_STANDARD_LIBRARIES = YES;
				DEVELOPMENT_TEAM = J52R8YYJBF;
				INFOPLIST_FILE = ValidatorTestUITests/Info.plist;
				LD_RUNPATH_SEARCH_PATHS = "$(inherited) @executable_path/Frameworks @loader_path/Frameworks";
				PRODUCT_BUNDLE_IDENTIFIER = ch.Selise.ValidatorTestUITests;
				PRODUCT_NAME = "$(TARGET_NAME)";
				SWIFT_VERSION = 3.0;
				TEST_TARGET_NAME = ValidatorTest;
			};
			name = Debug;
		};
		5193170F1F29FFE20010AE52 /* Release */ = {
			isa = XCBuildConfiguration;
			buildSettings = {
				ALWAYS_EMBED_SWIFT_STANDARD_LIBRARIES = YES;
				DEVELOPMENT_TEAM = J52R8YYJBF;
				INFOPLIST_FILE = ValidatorTestUITests/Info.plist;
				LD_RUNPATH_SEARCH_PATHS = "$(inherited) @executable_path/Frameworks @loader_path/Frameworks";
				PRODUCT_BUNDLE_IDENTIFIER = ch.Selise.ValidatorTestUITests;
				PRODUCT_NAME = "$(TARGET_NAME)";
				SWIFT_VERSION = 3.0;
				TEST_TARGET_NAME = ValidatorTest;
			};
			name = Release;
		};
/* End XCBuildConfiguration section */

/* Begin XCConfigurationList section */
		519316DA1F29FFDE0010AE52 /* Build configuration list for PBXProject "ValidatorTest" */ = {
			isa = XCConfigurationList;
			buildConfigurations = (
				519317051F29FFE20010AE52 /* Debug */,
				519317061F29FFE20010AE52 /* Release */,
			);
			defaultConfigurationIsVisible = 0;
			defaultConfigurationName = Release;
		};
		519317071F29FFE20010AE52 /* Build configuration list for PBXNativeTarget "ValidatorTest" */ = {
			isa = XCConfigurationList;
			buildConfigurations = (
				519317081F29FFE20010AE52 /* Debug */,
				519317091F29FFE20010AE52 /* Release */,
			);
			defaultConfigurationIsVisible = 0;
		};
		5193170A1F29FFE20010AE52 /* Build configuration list for PBXNativeTarget "ValidatorTestTests" */ = {
			isa = XCConfigurationList;
			buildConfigurations = (
				5193170B1F29FFE20010AE52 /* Debug */,
				5193170C1F29FFE20010AE52 /* Release */,
			);
			defaultConfigurationIsVisible = 0;
		};
		5193170D1F29FFE20010AE52 /* Build configuration list for PBXNativeTarget "ValidatorTestUITests" */ = {
			isa = XCConfigurationList;
			buildConfigurations = (
				5193170E1F29FFE20010AE52 /* Debug */,
				5193170F1F29FFE20010AE52 /* Release */,
			);
			defaultConfigurationIsVisible = 0;
		};
/* End XCConfigurationList section */
	};
	rootObject = 519316D71F29FFDE0010AE52 /* Project object */;
}
